// !$*UTF8*$!
{
	archiveVersion = 1;
	classes = {
	};
	objectVersion = 46;
	objects = {

/* Begin PBXBuildFile section */
		010DB4D21A072DBC00AB561B /* main.m in Sources */ = {isa = PBXBuildFile; fileRef = 010DB4D11A072DBC00AB561B /* main.m */; };
		010DB4D51A072DBC00AB561B /* AppDelegate.m in Sources */ = {isa = PBXBuildFile; fileRef = 010DB4D41A072DBC00AB561B /* AppDelegate.m */; };
		010DB4D81A072DBC00AB561B /* ViewController.m in Sources */ = {isa = PBXBuildFile; fileRef = 010DB4D71A072DBC00AB561B /* ViewController.m */; };
		010DB4DB1A072DBC00AB561B /* Main.storyboard in Resources */ = {isa = PBXBuildFile; fileRef = 010DB4D91A072DBC00AB561B /* Main.storyboard */; };
		010DB4DD1A072DBC00AB561B /* Images.xcassets in Resources */ = {isa = PBXBuildFile; fileRef = 010DB4DC1A072DBC00AB561B /* Images.xcassets */; };
		010DB4E01A072DBC00AB561B /* LaunchScreen.xib in Resources */ = {isa = PBXBuildFile; fileRef = 010DB4DE1A072DBC00AB561B /* LaunchScreen.xib */; };
		010DB4EC1A072DBC00AB561B /* FunctionalProgrammingTests.m in Sources */ = {isa = PBXBuildFile; fileRef = 010DB4EB1A072DBC00AB561B /* FunctionalProgrammingTests.m */; };
		010DB4F71A078B1500AB561B /* NSArray+Functional.m in Sources */ = {isa = PBXBuildFile; fileRef = 010DB4F61A078B1500AB561B /* NSArray+Functional.m */; };
		010DB5041A0A297600AB561B /* User.m in Sources */ = {isa = PBXBuildFile; fileRef = 010DB5031A0A297600AB561B /* User.m */; };
/* End PBXBuildFile section */

/* Begin PBXContainerItemProxy section */
		010DB4E61A072DBC00AB561B /* PBXContainerItemProxy */ = {
			isa = PBXContainerItemProxy;
			containerPortal = 010DB4C41A072DBC00AB561B /* Project object */;
			proxyType = 1;
			remoteGlobalIDString = 010DB4CB1A072DBC00AB561B;
			remoteInfo = FunctionalProgramming;
		};
/* End PBXContainerItemProxy section */

/* Begin PBXFileReference section */
		010DB4CC1A072DBC00AB561B /* FunctionalProgramming.app */ = {isa = PBXFileReference; explicitFileType = wrapper.application; includeInIndex = 0; path = FunctionalProgramming.app; sourceTree = BUILT_PRODUCTS_DIR; };
		010DB4D01A072DBC00AB561B /* Info.plist */ = {isa = PBXFileReference; lastKnownFileType = text.plist.xml; path = Info.plist; sourceTree = "<group>"; };
		010DB4D11A072DBC00AB561B /* main.m */ = {isa = PBXFileReference; lastKnownFileType = sourcecode.c.objc; path = main.m; sourceTree = "<group>"; };
		010DB4D31A072DBC00AB561B /* AppDelegate.h */ = {isa = PBXFileReference; lastKnownFileType = sourcecode.c.h; path = AppDelegate.h; sourceTree = "<group>"; };
		010DB4D41A072DBC00AB561B /* AppDelegate.m */ = {isa = PBXFileReference; lastKnownFileType = sourcecode.c.objc; path = AppDelegate.m; sourceTree = "<group>"; };
		010DB4D61A072DBC00AB561B /* ViewController.h */ = {isa = PBXFileReference; lastKnownFileType = sourcecode.c.h; path = ViewController.h; sourceTree = "<group>"; };
		010DB4D71A072DBC00AB561B /* ViewController.m */ = {isa = PBXFileReference; lastKnownFileType = sourcecode.c.objc; path = ViewController.m; sourceTree = "<group>"; };
		010DB4DA1A072DBC00AB561B /* Base */ = {isa = PBXFileReference; lastKnownFileType = file.storyboard; name = Base; path = Base.lproj/Main.storyboard; sourceTree = "<group>"; };
		010DB4DC1A072DBC00AB561B /* Images.xcassets */ = {isa = PBXFileReference; lastKnownFileType = folder.assetcatalog; path = Images.xcassets; sourceTree = "<group>"; };
		010DB4DF1A072DBC00AB561B /* Base */ = {isa = PBXFileReference; lastKnownFileType = file.xib; name = Base; path = Base.lproj/LaunchScreen.xib; sourceTree = "<group>"; };
		010DB4E51A072DBC00AB561B /* FunctionalProgrammingTests.xctest */ = {isa = PBXFileReference; explicitFileType = wrapper.cfbundle; includeInIndex = 0; path = FunctionalProgrammingTests.xctest; sourceTree = BUILT_PRODUCTS_DIR; };
		010DB4EA1A072DBC00AB561B /* Info.plist */ = {isa = PBXFileReference; lastKnownFileType = text.plist.xml; path = Info.plist; sourceTree = "<group>"; };
		010DB4EB1A072DBC00AB561B /* FunctionalProgrammingTests.m */ = {isa = PBXFileReference; lastKnownFileType = sourcecode.c.objc; path = FunctionalProgrammingTests.m; sourceTree = "<group>"; };
		010DB4F51A078B1500AB561B /* NSArray+Functional.h */ = {isa = PBXFileReference; fileEncoding = 4; lastKnownFileType = sourcecode.c.h; path = "NSArray+Functional.h"; sourceTree = "<group>"; };
		010DB4F61A078B1500AB561B /* NSArray+Functional.m */ = {isa = PBXFileReference; fileEncoding = 4; lastKnownFileType = sourcecode.c.objc; path = "NSArray+Functional.m"; sourceTree = "<group>"; };
		010DB5021A0A297600AB561B /* User.h */ = {isa = PBXFileReference; fileEncoding = 4; lastKnownFileType = sourcecode.c.h; path = User.h; sourceTree = "<group>"; };
		010DB5031A0A297600AB561B /* User.m */ = {isa = PBXFileReference; fileEncoding = 4; lastKnownFileType = sourcecode.c.objc; path = User.m; sourceTree = "<group>"; };
/* End PBXFileReference section */

/* Begin PBXFrameworksBuildPhase section */
		010DB4C91A072DBC00AB561B /* Frameworks */ = {
			isa = PBXFrameworksBuildPhase;
			buildActionMask = 2147483647;
			files = (
			);
			runOnlyForDeploymentPostprocessing = 0;
		};
		010DB4E21A072DBC00AB561B /* Frameworks */ = {
			isa = PBXFrameworksBuildPhase;
			buildActionMask = 2147483647;
			files = (
			);
			runOnlyForDeploymentPostprocessing = 0;
		};
/* End PBXFrameworksBuildPhase section */

/* Begin PBXGroup section */
		010DB4C31A072DBC00AB561B = {
			isa = PBXGroup;
			children = (
				010DB4CE1A072DBC00AB561B /* FunctionalProgramming */,
				010DB4E81A072DBC00AB561B /* FunctionalProgrammingTests */,
				010DB4CD1A072DBC00AB561B /* Products */,
			);
			sourceTree = "<group>";
		};
		010DB4CD1A072DBC00AB561B /* Products */ = {
			isa = PBXGroup;
			children = (
				010DB4CC1A072DBC00AB561B /* FunctionalProgramming.app */,
				010DB4E51A072DBC00AB561B /* FunctionalProgrammingTests.xctest */,
			);
			name = Products;
			sourceTree = "<group>";
		};
		010DB4CE1A072DBC00AB561B /* FunctionalProgramming */ = {
			isa = PBXGroup;
			children = (
				010DB4D31A072DBC00AB561B /* AppDelegate.h */,
				010DB4D41A072DBC00AB561B /* AppDelegate.m */,
				010DB4D61A072DBC00AB561B /* ViewController.h */,
				010DB4D71A072DBC00AB561B /* ViewController.m */,
				010DB5021A0A297600AB561B /* User.h */,
				010DB5031A0A297600AB561B /* User.m */,
				010DB4F51A078B1500AB561B /* NSArray+Functional.h */,
				010DB4F61A078B1500AB561B /* NSArray+Functional.m */,
				010DB4D91A072DBC00AB561B /* Main.storyboard */,
				010DB4DC1A072DBC00AB561B /* Images.xcassets */,
				010DB4DE1A072DBC00AB561B /* LaunchScreen.xib */,
				010DB4CF1A072DBC00AB561B /* Supporting Files */,
			);
			path = FunctionalProgramming;
			sourceTree = "<group>";
		};
		010DB4CF1A072DBC00AB561B /* Supporting Files */ = {
			isa = PBXGroup;
			children = (
				010DB4D01A072DBC00AB561B /* Info.plist */,
				010DB4D11A072DBC00AB561B /* main.m */,
			);
			name = "Supporting Files";
			sourceTree = "<group>";
		};
		010DB4E81A072DBC00AB561B /* FunctionalProgrammingTests */ = {
			isa = PBXGroup;
			children = (
				010DB4EB1A072DBC00AB561B /* FunctionalProgrammingTests.m */,
				010DB4E91A072DBC00AB561B /* Supporting Files */,
			);
			path = FunctionalProgrammingTests;
			sourceTree = "<group>";
		};
		010DB4E91A072DBC00AB561B /* Supporting Files */ = {
			isa = PBXGroup;
			children = (
				010DB4EA1A072DBC00AB561B /* Info.plist */,
			);
			name = "Supporting Files";
			sourceTree = "<group>";
		};
/* End PBXGroup section */

/* Begin PBXNativeTarget section */
		010DB4CB1A072DBC00AB561B /* FunctionalProgramming */ = {
			isa = PBXNativeTarget;
			buildConfigurationList = 010DB4EF1A072DBC00AB561B /* Build configuration list for PBXNativeTarget "FunctionalProgramming" */;
			buildPhases = (
				010DB4C81A072DBC00AB561B /* Sources */,
				010DB4C91A072DBC00AB561B /* Frameworks */,
				010DB4CA1A072DBC00AB561B /* Resources */,
			);
			buildRules = (
			);
			dependencies = (
			);
			name = FunctionalProgramming;
			productName = FunctionalProgramming;
			productReference = 010DB4CC1A072DBC00AB561B /* FunctionalProgramming.app */;
			productType = "com.apple.product-type.application";
		};
		010DB4E41A072DBC00AB561B /* FunctionalProgrammingTests */ = {
			isa = PBXNativeTarget;
			buildConfigurationList = 010DB4F21A072DBC00AB561B /* Build configuration list for PBXNativeTarget "FunctionalProgrammingTests" */;
			buildPhases = (
				010DB4E11A072DBC00AB561B /* Sources */,
				010DB4E21A072DBC00AB561B /* Frameworks */,
				010DB4E31A072DBC00AB561B /* Resources */,
			);
			buildRules = (
			);
			dependencies = (
				010DB4E71A072DBC00AB561B /* PBXTargetDependency */,
			);
			name = FunctionalProgrammingTests;
			productName = FunctionalProgrammingTests;
			productReference = 010DB4E51A072DBC00AB561B /* FunctionalProgrammingTests.xctest */;
			productType = "com.apple.product-type.bundle.unit-test";
		};
/* End PBXNativeTarget section */

/* Begin PBXProject section */
		010DB4C41A072DBC00AB561B /* Project object */ = {
			isa = PBXProject;
			attributes = {
				LastUpgradeCheck = 0610;
				ORGANIZATIONNAME = "Arthur Lin";
				TargetAttributes = {
					010DB4CB1A072DBC00AB561B = {
						CreatedOnToolsVersion = 6.1;
					};
					010DB4E41A072DBC00AB561B = {
						CreatedOnToolsVersion = 6.1;
						TestTargetID = 010DB4CB1A072DBC00AB561B;
					};
				};
			};
			buildConfigurationList = 010DB4C71A072DBC00AB561B /* Build configuration list for PBXProject "FunctionalProgramming" */;
			compatibilityVersion = "Xcode 3.2";
			developmentRegion = English;
			hasScannedForEncodings = 0;
			knownRegions = (
				en,
				Base,
			);
			mainGroup = 010DB4C31A072DBC00AB561B;
			productRefGroup = 010DB4CD1A072DBC00AB561B /* Products */;
			projectDirPath = "";
			projectRoot = "";
			targets = (
				010DB4CB1A072DBC00AB561B /* FunctionalProgramming */,
				010DB4E41A072DBC00AB561B /* FunctionalProgrammingTests */,
			);
		};
/* End PBXProject section */

/* Begin PBXResourcesBuildPhase section */
		010DB4CA1A072DBC00AB561B /* Resources */ = {
			isa = PBXResourcesBuildPhase;
			buildActionMask = 2147483647;
			files = (
				010DB4DB1A072DBC00AB561B /* Main.storyboard in Resources */,
				010DB4E01A072DBC00AB561B /* LaunchScreen.xib in Resources */,
				010DB4DD1A072DBC00AB561B /* Images.xcassets in Resources */,
			);
			runOnlyForDeploymentPostprocessing = 0;
		};
		010DB4E31A072DBC00AB561B /* Resources */ = {
			isa = PBXResourcesBuildPhase;
			buildActionMask = 2147483647;
			files = (
			);
			runOnlyForDeploymentPostprocessing = 0;
		};
/* End PBXResourcesBuildPhase section */

/* Begin PBXSourcesBuildPhase section */
		010DB4C81A072DBC00AB561B /* Sources */ = {
			isa = PBXSourcesBuildPhase;
			buildActionMask = 2147483647;
			files = (
				010DB5041A0A297600AB561B /* User.m in Sources */,
				010DB4D81A072DBC00AB561B /* ViewController.m in Sources */,
				010DB4F71A078B1500AB561B /* NSArray+Functional.m in Sources */,
				010DB4D51A072DBC00AB561B /* AppDelegate.m in Sources */,
				010DB4D21A072DBC00AB561B /* main.m in Sources */,
			);
			runOnlyForDeploymentPostprocessing = 0;
		};
		010DB4E11A072DBC00AB561B /* Sources */ = {
			isa = PBXSourcesBuildPhase;
			buildActionMask = 2147483647;
			files = (
				010DB4EC1A072DBC00AB561B /* FunctionalProgrammingTests.m in Sources */,
			);
			runOnlyForDeploymentPostprocessing = 0;
		};
/* End PBXSourcesBuildPhase section */

/* Begin PBXTargetDependency section */
		010DB4E71A072DBC00AB561B /* PBXTargetDependency */ = {
			isa = PBXTargetDependency;
			target = 010DB4CB1A072DBC00AB561B /* FunctionalProgramming */;
			targetProxy = 010DB4E61A072DBC00AB561B /* PBXContainerItemProxy */;
		};
/* End PBXTargetDependency section */

/* Begin PBXVariantGroup section */
		010DB4D91A072DBC00AB561B /* Main.storyboard */ = {
			isa = PBXVariantGroup;
			children = (
				010DB4DA1A072DBC00AB561B /* Base */,
			);
			name = Main.storyboard;
			sourceTree = "<group>";
		};
		010DB4DE1A072DBC00AB561B /* LaunchScreen.xib */ = {
			isa = PBXVariantGroup;
			children = (
				010DB4DF1A072DBC00AB561B /* Base */,
			);
			name = LaunchScreen.xib;
			sourceTree = "<group>";
		};
/* End PBXVariantGroup section */

/* Begin XCBuildConfiguration section */
		010DB4ED1A072DBC00AB561B /* Debug */ = {
			isa = XCBuildConfiguration;
			buildSettings = {
				ALWAYS_SEARCH_USER_PATHS = NO;
				CLANG_CXX_LANGUAGE_STANDARD = "gnu++0x";
				CLANG_CXX_LIBRARY = "libc++";
				CLANG_ENABLE_MODULES = YES;
				CLANG_ENABLE_OBJC_ARC = YES;
				CLANG_WARN_BOOL_CONVERSION = YES;
				CLANG_WARN_CONSTANT_CONVERSION = YES;
				CLANG_WARN_DIRECT_OBJC_ISA_USAGE = YES_ERROR;
				CLANG_WARN_EMPTY_BODY = YES;
				CLANG_WARN_ENUM_CONVERSION = YES;
				CLANG_WARN_INT_CONVERSION = YES;
				CLANG_WARN_OBJC_ROOT_CLASS = YES_ERROR;
				CLANG_WARN_UNREACHABLE_CODE = YES;
				CLANG_WARN__DUPLICATE_METHOD_MATCH = YES;
				"CODE_SIGN_IDENTITY[sdk=iphoneos*]" = "iPhone Developer";
				COPY_PHASE_STRIP = NO;
				ENABLE_STRICT_OBJC_MSGSEND = YES;
				GCC_C_LANGUAGE_STANDARD = gnu99;
				GCC_DYNAMIC_NO_PIC = NO;
				GCC_OPTIMIZATION_LEVEL = 0;
				GCC_PREPROCESSOR_DEFINITIONS = (
					"DEBUG=1",
					"$(inherited)",
				);
				GCC_SYMBOLS_PRIVATE_EXTERN = NO;
				GCC_WARN_64_TO_32_BIT_CONVERSION = YES;
				GCC_WARN_ABOUT_RETURN_TYPE = YES_ERROR;
				GCC_WARN_UNDECLARED_SELECTOR = YES;
				GCC_WARN_UNINITIALIZED_AUTOS = YES_AGGRESSIVE;
				GCC_WARN_UNUSED_FUNCTION = YES;
				GCC_WARN_UNUSED_VARIABLE = YES;
				IPHONEOS_DEPLOYMENT_TARGET = 8.1;
				MTL_ENABLE_DEBUG_INFO = YES;
				ONLY_ACTIVE_ARCH = YES;
				SDKROOT = iphoneos;
				TARGETED_DEVICE_FAMILY = "1,2";
			};
			name = Debug;
		};
		010DB4EE1A072DBC00AB561B /* Release */ = {
			isa = XCBuildConfiguration;
			buildSettings = {
				ALWAYS_SEARCH_USER_PATHS = NO;
				CLANG_CXX_LANGUAGE_STANDARD = "gnu++0x";
				CLANG_CXX_LIBRARY = "libc++";
				CLANG_ENABLE_MODULES = YES;
				CLANG_ENABLE_OBJC_ARC = YES;
				CLANG_WARN_BOOL_CONVERSION = YES;
				CLANG_WARN_CONSTANT_CONVERSION = YES;
				CLANG_WARN_DIRECT_OBJC_ISA_USAGE = YES_ERROR;
				CLANG_WARN_EMPTY_BODY = YES;
				CLANG_WARN_ENUM_CONVERSION = YES;
				CLANG_WARN_INT_CONVERSION = YES;
				CLANG_WARN_OBJC_ROOT_CLASS = YES_ERROR;
				CLANG_WARN_UNREACHABLE_CODE = YES;
				CLANG_WARN__DUPLICATE_METHOD_MATCH = YES;
				"CODE_SIGN_IDENTITY[sdk=iphoneos*]" = "iPhone Developer";
				COPY_PHASE_STRIP = YES;
				ENABLE_NS_ASSERTIONS = NO;
				ENABLE_STRICT_OBJC_MSGSEND = YES;
				GCC_C_LANGUAGE_STANDARD = gnu99;
				GCC_WARN_64_TO_32_BIT_CONVERSION = YES;
				GCC_WARN_ABOUT_RETURN_TYPE = YES_ERROR;
				GCC_WARN_UNDECLARED_SELECTOR = YES;
				GCC_WARN_UNINITIALIZED_AUTOS = YES_AGGRESSIVE;
				GCC_WARN_UNUSED_FUNCTION = YES;
				GCC_WARN_UNUSED_VARIABLE = YES;
				IPHONEOS_DEPLOYMENT_TARGET = 8.1;
				MTL_ENABLE_DEBUG_INFO = NO;
				SDKROOT = iphoneos;
				TARGETED_DEVICE_FAMILY = "1,2";
				VALIDATE_PRODUCT = YES;
			};
			name = Release;
		};
		010DB4F01A072DBC00AB561B /* Debug */ = {
			isa = XCBuildConfiguration;
			buildSettings = {
				ASSETCATALOG_COMPILER_APPICON_NAME = AppIcon;
				INFOPLIST_FILE = FunctionalProgramming/Info.plist;
				LD_RUNPATH_SEARCH_PATHS = "$(inherited) @executable_path/Frameworks";
				PRODUCT_NAME = "$(TARGET_NAME)";
			};
			name = Debug;
		};
		010DB4F11A072DBC00AB561B /* Release */ = {
			isa = XCBuildConfiguration;
			buildSettings = {
				ASSETCATALOG_COMPILER_APPICON_NAME = AppIcon;
				INFOPLIST_FILE = FunctionalProgramming/Info.plist;
				LD_RUNPATH_SEARCH_PATHS = "$(inherited) @executable_path/Frameworks";
				PRODUCT_NAME = "$(TARGET_NAME)";
			};
			name = Release;
		};
		010DB4F31A072DBC00AB561B /* Debug */ = {
			isa = XCBuildConfiguration;
			buildSettings = {
				BUNDLE_LOADER = "$(TEST_HOST)";
				FRAMEWORK_SEARCH_PATHS = (
					"$(SDKROOT)/Developer/Library/Frameworks",
					"$(inherited)",
				);
				GCC_PREPROCESSOR_DEFINITIONS = (
					"DEBUG=1",
					"$(inherited)",
				);
				INFOPLIST_FILE = FunctionalProgrammingTests/Info.plist;
				LD_RUNPATH_SEARCH_PATHS = "$(inherited) @executable_path/Frameworks @loader_path/Frameworks";
				PRODUCT_NAME = "$(TARGET_NAME)";
				TEST_HOST = "$(BUILT_PRODUCTS_DIR)/FunctionalProgramming.app/FunctionalProgramming";
			};
			name = Debug;
		};
		010DB4F41A072DBC00AB561B /* Release */ = {
			isa = XCBuildConfiguration;
			buildSettings = {
				BUNDLE_LOADER = "$(TEST_HOST)";
				FRAMEWORK_SEARCH_PATHS = (
					"$(SDKROOT)/Developer/Library/Frameworks",
					"$(inherited)",
				);
				INFOPLIST_FILE = FunctionalProgrammingTests/Info.plist;
				LD_RUNPATH_SEARCH_PATHS = "$(inherited) @executable_path/Frameworks @loader_path/Frameworks";
				PRODUCT_NAME = "$(TARGET_NAME)";
				TEST_HOST = "$(BUILT_PRODUCTS_DIR)/FunctionalProgramming.app/FunctionalProgramming";
			};
			name = Release;
		};
/* End XCBuildConfiguration section */

/* Begin XCConfigurationList section */
		010DB4C71A072DBC00AB561B /* Build configuration list for PBXProject "FunctionalProgramming" */ = {
			isa = XCConfigurationList;
			buildConfigurations = (
				010DB4ED1A072DBC00AB561B /* Debug */,
				010DB4EE1A072DBC00AB561B /* Release */,
			);
			defaultConfigurationIsVisible = 0;
			defaultConfigurationName = Release;
		};
		010DB4EF1A072DBC00AB561B /* Build configuration list for PBXNativeTarget "FunctionalProgramming" */ = {
			isa = XCConfigurationList;
			buildConfigurations = (
				010DB4F01A072DBC00AB561B /* Debug */,
				010DB4F11A072DBC00AB561B /* Release */,
			);
			defaultConfigurationIsVisible = 0;
			defaultConfigurationName = Release;
		};
		010DB4F21A072DBC00AB561B /* Build configuration list for PBXNativeTarget "FunctionalProgrammingTests" */ = {
			isa = XCConfigurationList;
			buildConfigurations = (
				010DB4F31A072DBC00AB561B /* Debug */,
				010DB4F41A072DBC00AB561B /* Release */,
			);
			defaultConfigurationIsVisible = 0;
			defaultConfigurationName = Release;
		};
/* End XCConfigurationList section */
	};
	rootObject = 010DB4C41A072DBC00AB561B /* Project object */;
}
